
Microsoft Visual Studio Solution File, Format Version 12.00
# Visual Studio Version 17
VisualStudioVersion = 17.9.34607.119
MinimumVisualStudioVersion = 10.0.40219.1
Project("{8BC9CEB8-8B4A-11D0-8D11-00A0C91BC942}") = "20240308_02", "20240308_02\20240308_02.vcxproj", "{C0F1E327-F0B9-4685-97AC-3A4A23E0B243}"
EndProject
Global
	GlobalSection(SolutionConfigurationPlatforms) = preSolution
		Debug|x64 = Debug|x64
		Debug|x86 = Debug|x86
		Release|x64 = Release|x64
		Release|x86 = Release|x86
	EndGlobalSection
	GlobalSection(ProjectConfigurationPlatforms) = postSolution
		{C0F1E327-F0B9-4685-97AC-3A4A23E0B243}.Debug|x64.ActiveCfg = Debug|x64
		{C0F1E327-F0B9-4685-97AC-3A4A23E0B243}.Debug|x64.Build.0 = Debug|x64
		{C0F1E327-F0B9-4685-97AC-3A4A23E0B243}.Debug|x86.ActiveCfg = Debug|Win32
		{C0F1E327-F0B9-4685-97AC-3A4A23E0B243}.Debug|x86.Build.0 = Debug|Win32
		{C0F1E327-F0B9-4685-97AC-3A4A23E0B243}.Release|x64.ActiveCfg = Release|x64
		{C0F1E327-F0B9-4685-97AC-3A4A23E0B243}.Release|x64.Build.0 = Release|x64
		{C0F1E327-F0B9-4685-97AC-3A4A23E0B243}.Release|x86.ActiveCfg = Release|Win32
		{C0F1E327-F0B9-4685-97AC-3A4A23E0B243}.Release|x86.Build.0 = Release|Win32
	EndGlobalSection
	GlobalSection(SolutionProperties) = preSolution
		HideSolutionNode = FALSE
	EndGlobalSection
	GlobalSection(ExtensibilityGlobals) = postSolution
		SolutionGuid = {EEB2DA1D-ACF8-4BCA-B9C6-66915E3673F8}
	EndGlobalSection
EndGlobal
