
Microsoft Visual Studio Solution File, Format Version 12.00
# Visual Studio Version 17
VisualStudioVersion = 17.8.34511.84
MinimumVisualStudioVersion = 10.0.40219.1
Project("{9A19103F-16F7-4668-BE54-9A1E7A4F7556}") = "20240614_01", "20240614_01\20240614_01.csproj", "{E70DA4AD-05F6-41C9-91E9-6C1A41C616A5}"
EndProject
Project("{9A19103F-16F7-4668-BE54-9A1E7A4F7556}") = "20240614_02", "20240614_02\20240614_02.csproj", "{FB321E12-B18A-41EC-B7E9-A41ED12CA6DE}"
EndProject
Project("{9A19103F-16F7-4668-BE54-9A1E7A4F7556}") = "20240614_03", "20240614_03\20240614_03.csproj", "{A0C09EBC-D608-41D8-B92E-D6FA5F98037F}"
EndProject
Project("{9A19103F-16F7-4668-BE54-9A1E7A4F7556}") = "20240614_04", "20240614_04\20240614_04.csproj", "{73D7821D-AAA3-4EC7-AFDD-B7F390BA8614}"
EndProject
Project("{9A19103F-16F7-4668-BE54-9A1E7A4F7556}") = "20240614_05", "20240614_05\20240614_05.csproj", "{6F2760A2-D7BA-4EB6-BC52-0B9C6E04F0E8}"
EndProject
Project("{9A19103F-16F7-4668-BE54-9A1E7A4F7556}") = "20240617_01", "20240617_01\20240617_01.csproj", "{156A5CBE-42F6-4F00-8B84-7DE25AE9B5FB}"
EndProject
Project("{9A19103F-16F7-4668-BE54-9A1E7A4F7556}") = "20240617_02", "20240617_02\20240617_02.csproj", "{E568B12D-7735-4826-A67E-4434AF5532DB}"
EndProject
Project("{9A19103F-16F7-4668-BE54-9A1E7A4F7556}") = "20240619_01", "20240619_01\20240619_01.csproj", "{68C3D2E8-EFC8-42B1-803D-3383F186334A}"
EndProject
Project("{9A19103F-16F7-4668-BE54-9A1E7A4F7556}") = "20240619_02", "20240619_02\20240619_02.csproj", "{E0C67677-8B33-426C-8132-5396B439A55F}"
EndProject
Project("{9A19103F-16F7-4668-BE54-9A1E7A4F7556}") = "20240619_03", "20240619_03\20240619_03.csproj", "{8DF5656F-AF68-4E85-8C12-AD8D6EEF1271}"
EndProject
Project("{9A19103F-16F7-4668-BE54-9A1E7A4F7556}") = "20240619_04", "20240619_04\20240619_04.csproj", "{E9ABE092-8FDE-48CF-9E4F-6D6D275E9EFD}"
EndProject
Project("{9A19103F-16F7-4668-BE54-9A1E7A4F7556}") = "20240628_01", "20240628_01\20240628_01.csproj", "{7328B1D6-5794-4482-81DE-5D22383EC2B9}"
EndProject
Project("{9A19103F-16F7-4668-BE54-9A1E7A4F7556}") = "20240628_02", "20240628_02\20240628_02.csproj", "{91569A8D-7806-478F-AD65-2ECFD9F68FE0}"
EndProject
Project("{FAE04EC0-301F-11D3-BF4B-00C04F79EFBC}") = "20240701_01", "20240701_01\20240701_01.csproj", "{D963D29B-120B-4B1E-9E3F-BEFF6AA7EC88}"
EndProject
Project("{FAE04EC0-301F-11D3-BF4B-00C04F79EFBC}") = "20240701_02", "20240701_02\20240701_02.csproj", "{C9CEB4DC-B8DB-47A9-B037-C0CDF3639F16}"
EndProject
Global
	GlobalSection(SolutionConfigurationPlatforms) = preSolution
		Debug|Any CPU = Debug|Any CPU
		Release|Any CPU = Release|Any CPU
	EndGlobalSection
	GlobalSection(ProjectConfigurationPlatforms) = postSolution
		{E70DA4AD-05F6-41C9-91E9-6C1A41C616A5}.Debug|Any CPU.ActiveCfg = Debug|Any CPU
		{E70DA4AD-05F6-41C9-91E9-6C1A41C616A5}.Debug|Any CPU.Build.0 = Debug|Any CPU
		{E70DA4AD-05F6-41C9-91E9-6C1A41C616A5}.Release|Any CPU.ActiveCfg = Release|Any CPU
		{E70DA4AD-05F6-41C9-91E9-6C1A41C616A5}.Release|Any CPU.Build.0 = Release|Any CPU
		{FB321E12-B18A-41EC-B7E9-A41ED12CA6DE}.Debug|Any CPU.ActiveCfg = Debug|Any CPU
		{FB321E12-B18A-41EC-B7E9-A41ED12CA6DE}.Debug|Any CPU.Build.0 = Debug|Any CPU
		{FB321E12-B18A-41EC-B7E9-A41ED12CA6DE}.Release|Any CPU.ActiveCfg = Release|Any CPU
		{FB321E12-B18A-41EC-B7E9-A41ED12CA6DE}.Release|Any CPU.Build.0 = Release|Any CPU
		{A0C09EBC-D608-41D8-B92E-D6FA5F98037F}.Debug|Any CPU.ActiveCfg = Debug|Any CPU
		{A0C09EBC-D608-41D8-B92E-D6FA5F98037F}.Debug|Any CPU.Build.0 = Debug|Any CPU
		{A0C09EBC-D608-41D8-B92E-D6FA5F98037F}.Release|Any CPU.ActiveCfg = Release|Any CPU
		{A0C09EBC-D608-41D8-B92E-D6FA5F98037F}.Release|Any CPU.Build.0 = Release|Any CPU
		{73D7821D-AAA3-4EC7-AFDD-B7F390BA8614}.Debug|Any CPU.ActiveCfg = Debug|Any CPU
		{73D7821D-AAA3-4EC7-AFDD-B7F390BA8614}.Debug|Any CPU.Build.0 = Debug|Any CPU
		{73D7821D-AAA3-4EC7-AFDD-B7F390BA8614}.Release|Any CPU.ActiveCfg = Release|Any CPU
		{73D7821D-AAA3-4EC7-AFDD-B7F390BA8614}.Release|Any CPU.Build.0 = Release|Any CPU
		{6F2760A2-D7BA-4EB6-BC52-0B9C6E04F0E8}.Debug|Any CPU.ActiveCfg = Debug|Any CPU
		{6F2760A2-D7BA-4EB6-BC52-0B9C6E04F0E8}.Debug|Any CPU.Build.0 = Debug|Any CPU
		{6F2760A2-D7BA-4EB6-BC52-0B9C6E04F0E8}.Release|Any CPU.ActiveCfg = Release|Any CPU
		{6F2760A2-D7BA-4EB6-BC52-0B9C6E04F0E8}.Release|Any CPU.Build.0 = Release|Any CPU
		{156A5CBE-42F6-4F00-8B84-7DE25AE9B5FB}.Debug|Any CPU.ActiveCfg = Debug|Any CPU
		{156A5CBE-42F6-4F00-8B84-7DE25AE9B5FB}.Debug|Any CPU.Build.0 = Debug|Any CPU
		{156A5CBE-42F6-4F00-8B84-7DE25AE9B5FB}.Release|Any CPU.ActiveCfg = Release|Any CPU
		{156A5CBE-42F6-4F00-8B84-7DE25AE9B5FB}.Release|Any CPU.Build.0 = Release|Any CPU
		{E568B12D-7735-4826-A67E-4434AF5532DB}.Debug|Any CPU.ActiveCfg = Debug|Any CPU
		{E568B12D-7735-4826-A67E-4434AF5532DB}.Debug|Any CPU.Build.0 = Debug|Any CPU
		{E568B12D-7735-4826-A67E-4434AF5532DB}.Release|Any CPU.ActiveCfg = Release|Any CPU
		{E568B12D-7735-4826-A67E-4434AF5532DB}.Release|Any CPU.Build.0 = Release|Any CPU
		{68C3D2E8-EFC8-42B1-803D-3383F186334A}.Debug|Any CPU.ActiveCfg = Debug|Any CPU
		{68C3D2E8-EFC8-42B1-803D-3383F186334A}.Debug|Any CPU.Build.0 = Debug|Any CPU
		{68C3D2E8-EFC8-42B1-803D-3383F186334A}.Release|Any CPU.ActiveCfg = Release|Any CPU
		{68C3D2E8-EFC8-42B1-803D-3383F186334A}.Release|Any CPU.Build.0 = Release|Any CPU
		{E0C67677-8B33-426C-8132-5396B439A55F}.Debug|Any CPU.ActiveCfg = Debug|Any CPU
		{E0C67677-8B33-426C-8132-5396B439A55F}.Debug|Any CPU.Build.0 = Debug|Any CPU
		{E0C67677-8B33-426C-8132-5396B439A55F}.Release|Any CPU.ActiveCfg = Release|Any CPU
		{E0C67677-8B33-426C-8132-5396B439A55F}.Release|Any CPU.Build.0 = Release|Any CPU
		{8DF5656F-AF68-4E85-8C12-AD8D6EEF1271}.Debug|Any CPU.ActiveCfg = Debug|Any CPU
		{8DF5656F-AF68-4E85-8C12-AD8D6EEF1271}.Debug|Any CPU.Build.0 = Debug|Any CPU
		{8DF5656F-AF68-4E85-8C12-AD8D6EEF1271}.Release|Any CPU.ActiveCfg = Release|Any CPU
		{8DF5656F-AF68-4E85-8C12-AD8D6EEF1271}.Release|Any CPU.Build.0 = Release|Any CPU
		{E9ABE092-8FDE-48CF-9E4F-6D6D275E9EFD}.Debug|Any CPU.ActiveCfg = Debug|Any CPU
		{E9ABE092-8FDE-48CF-9E4F-6D6D275E9EFD}.Debug|Any CPU.Build.0 = Debug|Any CPU
		{E9ABE092-8FDE-48CF-9E4F-6D6D275E9EFD}.Release|Any CPU.ActiveCfg = Release|Any CPU
		{E9ABE092-8FDE-48CF-9E4F-6D6D275E9EFD}.Release|Any CPU.Build.0 = Release|Any CPU
		{7328B1D6-5794-4482-81DE-5D22383EC2B9}.Debug|Any CPU.ActiveCfg = Debug|Any CPU
		{7328B1D6-5794-4482-81DE-5D22383EC2B9}.Debug|Any CPU.Build.0 = Debug|Any CPU
		{7328B1D6-5794-4482-81DE-5D22383EC2B9}.Release|Any CPU.ActiveCfg = Release|Any CPU
		{7328B1D6-5794-4482-81DE-5D22383EC2B9}.Release|Any CPU.Build.0 = Release|Any CPU
		{91569A8D-7806-478F-AD65-2ECFD9F68FE0}.Debug|Any CPU.ActiveCfg = Debug|Any CPU
		{91569A8D-7806-478F-AD65-2ECFD9F68FE0}.Debug|Any CPU.Build.0 = Debug|Any CPU
		{91569A8D-7806-478F-AD65-2ECFD9F68FE0}.Release|Any CPU.ActiveCfg = Release|Any CPU
		{91569A8D-7806-478F-AD65-2ECFD9F68FE0}.Release|Any CPU.Build.0 = Release|Any CPU
		{D963D29B-120B-4B1E-9E3F-BEFF6AA7EC88}.Debug|Any CPU.ActiveCfg = Debug|Any CPU
		{D963D29B-120B-4B1E-9E3F-BEFF6AA7EC88}.Debug|Any CPU.Build.0 = Debug|Any CPU
		{D963D29B-120B-4B1E-9E3F-BEFF6AA7EC88}.Release|Any CPU.ActiveCfg = Release|Any CPU
		{D963D29B-120B-4B1E-9E3F-BEFF6AA7EC88}.Release|Any CPU.Build.0 = Release|Any CPU
		{C9CEB4DC-B8DB-47A9-B037-C0CDF3639F16}.Debug|Any CPU.ActiveCfg = Debug|Any CPU
		{C9CEB4DC-B8DB-47A9-B037-C0CDF3639F16}.Debug|Any CPU.Build.0 = Debug|Any CPU
		{C9CEB4DC-B8DB-47A9-B037-C0CDF3639F16}.Release|Any CPU.ActiveCfg = Release|Any CPU
		{C9CEB4DC-B8DB-47A9-B037-C0CDF3639F16}.Release|Any CPU.Build.0 = Release|Any CPU
	EndGlobalSection
	GlobalSection(SolutionProperties) = preSolution
		HideSolutionNode = FALSE
	EndGlobalSection
	GlobalSection(ExtensibilityGlobals) = postSolution
		SolutionGuid = {67D7E069-4413-4144-812F-EC198AB877F3}
	EndGlobalSection
EndGlobal
