
Microsoft Visual Studio Solution File, Format Version 12.00
# Visual Studio Version 17
VisualStudioVersion = 17.8.34511.84
MinimumVisualStudioVersion = 10.0.40219.1
Project("{9A19103F-16F7-4668-BE54-9A1E7A4F7556}") = "20240614_01", "20240614_01\20240614_01.csproj", "{E70DA4AD-05F6-41C9-91E9-6C1A41C616A5}"
EndProject
Project("{9A19103F-16F7-4668-BE54-9A1E7A4F7556}") = "20240614_02", "20240614_02\20240614_02.csproj", "{FB321E12-B18A-41EC-B7E9-A41ED12CA6DE}"
EndProject
Project("{9A19103F-16F7-4668-BE54-9A1E7A4F7556}") = "20240614_03", "20240614_03\20240614_03.csproj", "{A0C09EBC-D608-41D8-B92E-D6FA5F98037F}"
EndProject
Project("{9A19103F-16F7-4668-BE54-9A1E7A4F7556}") = "20240614_04", "20240614_04\20240614_04.csproj", "{73D7821D-AAA3-4EC7-AFDD-B7F390BA8614}"
EndProject
Project("{9A19103F-16F7-4668-BE54-9A1E7A4F7556}") = "20240614_05", "20240614_05\20240614_05.csproj", "{6F2760A2-D7BA-4EB6-BC52-0B9C6E04F0E8}"
EndProject
Project("{FAE04EC0-301F-11D3-BF4B-00C04F79EFBC}") = "20240617_01", "20240617_01\20240617_01.csproj", "{156A5CBE-42F6-4F00-8B84-7DE25AE9B5FB}"
EndProject
Project("{FAE04EC0-301F-11D3-BF4B-00C04F79EFBC}") = "20240617_02", "20240617_02\20240617_02.csproj", "{E568B12D-7735-4826-A67E-4434AF5532DB}"
EndProject
Global
	GlobalSection(SolutionConfigurationPlatforms) = preSolution
		Debug|Any CPU = Debug|Any CPU
		Release|Any CPU = Release|Any CPU
	EndGlobalSection
	GlobalSection(ProjectConfigurationPlatforms) = postSolution
		{E70DA4AD-05F6-41C9-91E9-6C1A41C616A5}.Debug|Any CPU.ActiveCfg = Debug|Any CPU
		{E70DA4AD-05F6-41C9-91E9-6C1A41C616A5}.Debug|Any CPU.Build.0 = Debug|Any CPU
		{E70DA4AD-05F6-41C9-91E9-6C1A41C616A5}.Release|Any CPU.ActiveCfg = Release|Any CPU
		{E70DA4AD-05F6-41C9-91E9-6C1A41C616A5}.Release|Any CPU.Build.0 = Release|Any CPU
		{FB321E12-B18A-41EC-B7E9-A41ED12CA6DE}.Debug|Any CPU.ActiveCfg = Debug|Any CPU
		{FB321E12-B18A-41EC-B7E9-A41ED12CA6DE}.Debug|Any CPU.Build.0 = Debug|Any CPU
		{FB321E12-B18A-41EC-B7E9-A41ED12CA6DE}.Release|Any CPU.ActiveCfg = Release|Any CPU
		{FB321E12-B18A-41EC-B7E9-A41ED12CA6DE}.Release|Any CPU.Build.0 = Release|Any CPU
		{A0C09EBC-D608-41D8-B92E-D6FA5F98037F}.Debug|Any CPU.ActiveCfg = Debug|Any CPU
		{A0C09EBC-D608-41D8-B92E-D6FA5F98037F}.Debug|Any CPU.Build.0 = Debug|Any CPU
		{A0C09EBC-D608-41D8-B92E-D6FA5F98037F}.Release|Any CPU.ActiveCfg = Release|Any CPU
		{A0C09EBC-D608-41D8-B92E-D6FA5F98037F}.Release|Any CPU.Build.0 = Release|Any CPU
		{73D7821D-AAA3-4EC7-AFDD-B7F390BA8614}.Debug|Any CPU.ActiveCfg = Debug|Any CPU
		{73D7821D-AAA3-4EC7-AFDD-B7F390BA8614}.Debug|Any CPU.Build.0 = Debug|Any CPU
		{73D7821D-AAA3-4EC7-AFDD-B7F390BA8614}.Release|Any CPU.ActiveCfg = Release|Any CPU
		{73D7821D-AAA3-4EC7-AFDD-B7F390BA8614}.Release|Any CPU.Build.0 = Release|Any CPU
		{6F2760A2-D7BA-4EB6-BC52-0B9C6E04F0E8}.Debug|Any CPU.ActiveCfg = Debug|Any CPU
		{6F2760A2-D7BA-4EB6-BC52-0B9C6E04F0E8}.Debug|Any CPU.Build.0 = Debug|Any CPU
		{6F2760A2-D7BA-4EB6-BC52-0B9C6E04F0E8}.Release|Any CPU.ActiveCfg = Release|Any CPU
		{6F2760A2-D7BA-4EB6-BC52-0B9C6E04F0E8}.Release|Any CPU.Build.0 = Release|Any CPU
		{156A5CBE-42F6-4F00-8B84-7DE25AE9B5FB}.Debug|Any CPU.ActiveCfg = Debug|Any CPU
		{156A5CBE-42F6-4F00-8B84-7DE25AE9B5FB}.Debug|Any CPU.Build.0 = Debug|Any CPU
		{156A5CBE-42F6-4F00-8B84-7DE25AE9B5FB}.Release|Any CPU.ActiveCfg = Release|Any CPU
		{156A5CBE-42F6-4F00-8B84-7DE25AE9B5FB}.Release|Any CPU.Build.0 = Release|Any CPU
		{E568B12D-7735-4826-A67E-4434AF5532DB}.Debug|Any CPU.ActiveCfg = Debug|Any CPU
		{E568B12D-7735-4826-A67E-4434AF5532DB}.Debug|Any CPU.Build.0 = Debug|Any CPU
		{E568B12D-7735-4826-A67E-4434AF5532DB}.Release|Any CPU.ActiveCfg = Release|Any CPU
		{E568B12D-7735-4826-A67E-4434AF5532DB}.Release|Any CPU.Build.0 = Release|Any CPU
	EndGlobalSection
	GlobalSection(SolutionProperties) = preSolution
		HideSolutionNode = FALSE
	EndGlobalSection
	GlobalSection(ExtensibilityGlobals) = postSolution
		SolutionGuid = {67D7E069-4413-4144-812F-EC198AB877F3}
	EndGlobalSection
EndGlobal
