
Microsoft Visual Studio Solution File, Format Version 12.00
# Visual Studio Version 17
VisualStudioVersion = 17.8.34511.84
MinimumVisualStudioVersion = 10.0.40219.1
Project("{8BC9CEB8-8B4A-11D0-8D11-00A0C91BC942}") = "20240313_01", "20240313_01\20240313_01.vcxproj", "{DFF0216E-194B-4A56-A66E-417F1C52F5E7}"
EndProject
Global
	GlobalSection(SolutionConfigurationPlatforms) = preSolution
		Debug|x64 = Debug|x64
		Debug|x86 = Debug|x86
		Release|x64 = Release|x64
		Release|x86 = Release|x86
	EndGlobalSection
	GlobalSection(ProjectConfigurationPlatforms) = postSolution
		{DFF0216E-194B-4A56-A66E-417F1C52F5E7}.Debug|x64.ActiveCfg = Debug|x64
		{DFF0216E-194B-4A56-A66E-417F1C52F5E7}.Debug|x64.Build.0 = Debug|x64
		{DFF0216E-194B-4A56-A66E-417F1C52F5E7}.Debug|x86.ActiveCfg = Debug|Win32
		{DFF0216E-194B-4A56-A66E-417F1C52F5E7}.Debug|x86.Build.0 = Debug|Win32
		{DFF0216E-194B-4A56-A66E-417F1C52F5E7}.Release|x64.ActiveCfg = Release|x64
		{DFF0216E-194B-4A56-A66E-417F1C52F5E7}.Release|x64.Build.0 = Release|x64
		{DFF0216E-194B-4A56-A66E-417F1C52F5E7}.Release|x86.ActiveCfg = Release|Win32
		{DFF0216E-194B-4A56-A66E-417F1C52F5E7}.Release|x86.Build.0 = Release|Win32
	EndGlobalSection
	GlobalSection(SolutionProperties) = preSolution
		HideSolutionNode = FALSE
	EndGlobalSection
	GlobalSection(ExtensibilityGlobals) = postSolution
		SolutionGuid = {32B7B19C-2A70-45A2-B435-336D9F4E4D72}
	EndGlobalSection
EndGlobal
