
Microsoft Visual Studio Solution File, Format Version 12.00
# Visual Studio Version 17
VisualStudioVersion = 17.8.34511.84
MinimumVisualStudioVersion = 10.0.40219.1
Project("{8BC9CEB8-8B4A-11D0-8D11-00A0C91BC942}") = "20240325_01", "20240325_01\20240325_01.vcxproj", "{A59956D0-F5D7-4007-8AFA-6B3D6DC26B6E}"
EndProject
Global
	GlobalSection(SolutionConfigurationPlatforms) = preSolution
		Debug|x64 = Debug|x64
		Debug|x86 = Debug|x86
		Release|x64 = Release|x64
		Release|x86 = Release|x86
	EndGlobalSection
	GlobalSection(ProjectConfigurationPlatforms) = postSolution
		{A59956D0-F5D7-4007-8AFA-6B3D6DC26B6E}.Debug|x64.ActiveCfg = Debug|x64
		{A59956D0-F5D7-4007-8AFA-6B3D6DC26B6E}.Debug|x64.Build.0 = Debug|x64
		{A59956D0-F5D7-4007-8AFA-6B3D6DC26B6E}.Debug|x86.ActiveCfg = Debug|Win32
		{A59956D0-F5D7-4007-8AFA-6B3D6DC26B6E}.Debug|x86.Build.0 = Debug|Win32
		{A59956D0-F5D7-4007-8AFA-6B3D6DC26B6E}.Release|x64.ActiveCfg = Release|x64
		{A59956D0-F5D7-4007-8AFA-6B3D6DC26B6E}.Release|x64.Build.0 = Release|x64
		{A59956D0-F5D7-4007-8AFA-6B3D6DC26B6E}.Release|x86.ActiveCfg = Release|Win32
		{A59956D0-F5D7-4007-8AFA-6B3D6DC26B6E}.Release|x86.Build.0 = Release|Win32
	EndGlobalSection
	GlobalSection(SolutionProperties) = preSolution
		HideSolutionNode = FALSE
	EndGlobalSection
	GlobalSection(ExtensibilityGlobals) = postSolution
		SolutionGuid = {7ECC7E28-A5B2-4F72-9DCB-970DC60E89EE}
	EndGlobalSection
EndGlobal
