
Microsoft Visual Studio Solution File, Format Version 12.00
# Visual Studio Version 17
VisualStudioVersion = 17.9.34607.119
MinimumVisualStudioVersion = 10.0.40219.1
Project("{8BC9CEB8-8B4A-11D0-8D11-00A0C91BC942}") = "20240603_01", "20240603_01\20240603_01.vcxproj", "{718F29FA-4975-4BD1-B3A0-DA70CB90AF4B}"
EndProject
Global
	GlobalSection(SolutionConfigurationPlatforms) = preSolution
		Debug|x64 = Debug|x64
		Debug|x86 = Debug|x86
		Release|x64 = Release|x64
		Release|x86 = Release|x86
	EndGlobalSection
	GlobalSection(ProjectConfigurationPlatforms) = postSolution
		{718F29FA-4975-4BD1-B3A0-DA70CB90AF4B}.Debug|x64.ActiveCfg = Debug|x64
		{718F29FA-4975-4BD1-B3A0-DA70CB90AF4B}.Debug|x64.Build.0 = Debug|x64
		{718F29FA-4975-4BD1-B3A0-DA70CB90AF4B}.Debug|x86.ActiveCfg = Debug|Win32
		{718F29FA-4975-4BD1-B3A0-DA70CB90AF4B}.Debug|x86.Build.0 = Debug|Win32
		{718F29FA-4975-4BD1-B3A0-DA70CB90AF4B}.Release|x64.ActiveCfg = Release|x64
		{718F29FA-4975-4BD1-B3A0-DA70CB90AF4B}.Release|x64.Build.0 = Release|x64
		{718F29FA-4975-4BD1-B3A0-DA70CB90AF4B}.Release|x86.ActiveCfg = Release|Win32
		{718F29FA-4975-4BD1-B3A0-DA70CB90AF4B}.Release|x86.Build.0 = Release|Win32
	EndGlobalSection
	GlobalSection(SolutionProperties) = preSolution
		HideSolutionNode = FALSE
	EndGlobalSection
	GlobalSection(ExtensibilityGlobals) = postSolution
		SolutionGuid = {251B3F71-4E35-47AD-8A5D-E61C0C7129F7}
	EndGlobalSection
EndGlobal
